// !$*UTF8*$!
{
	archiveVersion = 1;
	classes = {
	};
	objectVersion = 46;
	objects = {

/* Begin PBXBuildFile section */
		1CE16AF51B28F917005B2209 /* AppDelegate.swift in Sources */ = {isa = PBXBuildFile; fileRef = 1CE16AF41B28F917005B2209 /* AppDelegate.swift */; };
		1CE16AF71B28F917005B2209 /* ViewController.swift in Sources */ = {isa = PBXBuildFile; fileRef = 1CE16AF61B28F917005B2209 /* ViewController.swift */; };
		1CE16AFA1B28F917005B2209 /* Main.storyboard in Resources */ = {isa = PBXBuildFile; fileRef = 1CE16AF81B28F917005B2209 /* Main.storyboard */; };
		1CE16AFC1B28F917005B2209 /* Images.xcassets in Resources */ = {isa = PBXBuildFile; fileRef = 1CE16AFB1B28F917005B2209 /* Images.xcassets */; };
		1CE16AFF1B28F917005B2209 /* LaunchScreen.xib in Resources */ = {isa = PBXBuildFile; fileRef = 1CE16AFD1B28F917005B2209 /* LaunchScreen.xib */; };
		1CE16B0B1B28F917005B2209 /* Lesson_3Tests.swift in Sources */ = {isa = PBXBuildFile; fileRef = 1CE16B0A1B28F917005B2209 /* Lesson_3Tests.swift */; };
/* End PBXBuildFile section */

/* Begin PBXContainerItemProxy section */
		1CE16B051B28F917005B2209 /* PBXContainerItemProxy */ = {
			isa = PBXContainerItemProxy;
			containerPortal = 1CE16AE71B28F917005B2209 /* Project object */;
			proxyType = 1;
			remoteGlobalIDString = 1CE16AEE1B28F917005B2209;
			remoteInfo = Lesson_3;
		};
/* End PBXContainerItemProxy section */

/* Begin PBXFileReference section */
		1CE16AEF1B28F917005B2209 /* Lesson_3.app */ = {isa = PBXFileReference; explicitFileType = wrapper.application; includeInIndex = 0; path = Lesson_3.app; sourceTree = BUILT_PRODUCTS_DIR; };
		1CE16AF31B28F917005B2209 /* Info.plist */ = {isa = PBXFileReference; lastKnownFileType = text.plist.xml; path = Info.plist; sourceTree = "<group>"; };
		1CE16AF41B28F917005B2209 /* AppDelegate.swift */ = {isa = PBXFileReference; lastKnownFileType = sourcecode.swift; path = AppDelegate.swift; sourceTree = "<group>"; };
		1CE16AF61B28F917005B2209 /* ViewController.swift */ = {isa = PBXFileReference; lastKnownFileType = sourcecode.swift; path = ViewController.swift; sourceTree = "<group>"; };
		1CE16AF91B28F917005B2209 /* Base */ = {isa = PBXFileReference; lastKnownFileType = file.storyboard; name = Base; path = Base.lproj/Main.storyboard; sourceTree = "<group>"; };
		1CE16AFB1B28F917005B2209 /* Images.xcassets */ = {isa = PBXFileReference; lastKnownFileType = folder.assetcatalog; path = Images.xcassets; sourceTree = "<group>"; };
		1CE16AFE1B28F917005B2209 /* Base */ = {isa = PBXFileReference; lastKnownFileType = file.xib; name = Base; path = Base.lproj/LaunchScreen.xib; sourceTree = "<group>"; };
		1CE16B041B28F917005B2209 /* Lesson_3Tests.xctest */ = {isa = PBXFileReference; explicitFileType = wrapper.cfbundle; includeInIndex = 0; path = Lesson_3Tests.xctest; sourceTree = BUILT_PRODUCTS_DIR; };
		1CE16B091B28F917005B2209 /* Info.plist */ = {isa = PBXFileReference; lastKnownFileType = text.plist.xml; path = Info.plist; sourceTree = "<group>"; };
		1CE16B0A1B28F917005B2209 /* Lesson_3Tests.swift */ = {isa = PBXFileReference; lastKnownFileType = sourcecode.swift; path = Lesson_3Tests.swift; sourceTree = "<group>"; };
/* End PBXFileReference section */

/* Begin PBXFrameworksBuildPhase section */
		1CE16AEC1B28F917005B2209 /* Frameworks */ = {
			isa = PBXFrameworksBuildPhase;
			buildActionMask = 2147483647;
			files = (
			);
			runOnlyForDeploymentPostprocessing = 0;
		};
		1CE16B011B28F917005B2209 /* Frameworks */ = {
			isa = PBXFrameworksBuildPhase;
			buildActionMask = 2147483647;
			files = (
			);
			runOnlyForDeploymentPostprocessing = 0;
		};
/* End PBXFrameworksBuildPhase section */

/* Begin PBXGroup section */
		1CE16AE61B28F917005B2209 = {
			isa = PBXGroup;
			children = (
				1CE16AF11B28F917005B2209 /* Lesson_3 */,
				1CE16B071B28F917005B2209 /* Lesson_3Tests */,
				1CE16AF01B28F917005B2209 /* Products */,
			);
			sourceTree = "<group>";
		};
		1CE16AF01B28F917005B2209 /* Products */ = {
			isa = PBXGroup;
			children = (
				1CE16AEF1B28F917005B2209 /* Lesson_3.app */,
				1CE16B041B28F917005B2209 /* Lesson_3Tests.xctest */,
			);
			name = Products;
			sourceTree = "<group>";
		};
		1CE16AF11B28F917005B2209 /* Lesson_3 */ = {
			isa = PBXGroup;
			children = (
				1CE16AF41B28F917005B2209 /* AppDelegate.swift */,
				1CE16AF61B28F917005B2209 /* ViewController.swift */,
				1CE16AF81B28F917005B2209 /* Main.storyboard */,
				1CE16AFB1B28F917005B2209 /* Images.xcassets */,
				1CE16AFD1B28F917005B2209 /* LaunchScreen.xib */,
				1CE16AF21B28F917005B2209 /* Supporting Files */,
			);
			path = Lesson_3;
			sourceTree = "<group>";
		};
		1CE16AF21B28F917005B2209 /* Supporting Files */ = {
			isa = PBXGroup;
			children = (
				1CE16AF31B28F917005B2209 /* Info.plist */,
			);
			name = "Supporting Files";
			sourceTree = "<group>";
		};
		1CE16B071B28F917005B2209 /* Lesson_3Tests */ = {
			isa = PBXGroup;
			children = (
				1CE16B0A1B28F917005B2209 /* Lesson_3Tests.swift */,
				1CE16B081B28F917005B2209 /* Supporting Files */,
			);
			path = Lesson_3Tests;
			sourceTree = "<group>";
		};
		1CE16B081B28F917005B2209 /* Supporting Files */ = {
			isa = PBXGroup;
			children = (
				1CE16B091B28F917005B2209 /* Info.plist */,
			);
			name = "Supporting Files";
			sourceTree = "<group>";
		};
/* End PBXGroup section */

/* Begin PBXNativeTarget section */
		1CE16AEE1B28F917005B2209 /* Lesson_3 */ = {
			isa = PBXNativeTarget;
			buildConfigurationList = 1CE16B0E1B28F917005B2209 /* Build configuration list for PBXNativeTarget "Lesson_3" */;
			buildPhases = (
				1CE16AEB1B28F917005B2209 /* Sources */,
				1CE16AEC1B28F917005B2209 /* Frameworks */,
				1CE16AED1B28F917005B2209 /* Resources */,
			);
			buildRules = (
			);
			dependencies = (
			);
			name = Lesson_3;
			productName = Lesson_3;
			productReference = 1CE16AEF1B28F917005B2209 /* Lesson_3.app */;
			productType = "com.apple.product-type.application";
		};
		1CE16B031B28F917005B2209 /* Lesson_3Tests */ = {
			isa = PBXNativeTarget;
			buildConfigurationList = 1CE16B111B28F917005B2209 /* Build configuration list for PBXNativeTarget "Lesson_3Tests" */;
			buildPhases = (
				1CE16B001B28F917005B2209 /* Sources */,
				1CE16B011B28F917005B2209 /* Frameworks */,
				1CE16B021B28F917005B2209 /* Resources */,
			);
			buildRules = (
			);
			dependencies = (
				1CE16B061B28F917005B2209 /* PBXTargetDependency */,
			);
			name = Lesson_3Tests;
			productName = Lesson_3Tests;
			productReference = 1CE16B041B28F917005B2209 /* Lesson_3Tests.xctest */;
			productType = "com.apple.product-type.bundle.unit-test";
		};
/* End PBXNativeTarget section */

/* Begin PBXProject section */
		1CE16AE71B28F917005B2209 /* Project object */ = {
			isa = PBXProject;
			attributes = {
				LastUpgradeCheck = 0630;
				ORGANIZATIONNAME = "Michelle Veronica Harper";
				TargetAttributes = {
					1CE16AEE1B28F917005B2209 = {
						CreatedOnToolsVersion = 6.3.2;
					};
					1CE16B031B28F917005B2209 = {
						CreatedOnToolsVersion = 6.3.2;
						TestTargetID = 1CE16AEE1B28F917005B2209;
					};
				};
			};
			buildConfigurationList = 1CE16AEA1B28F917005B2209 /* Build configuration list for PBXProject "Lesson_3" */;
			compatibilityVersion = "Xcode 3.2";
			developmentRegion = English;
			hasScannedForEncodings = 0;
			knownRegions = (
				en,
				Base,
			);
			mainGroup = 1CE16AE61B28F917005B2209;
			productRefGroup = 1CE16AF01B28F917005B2209 /* Products */;
			projectDirPath = "";
			projectRoot = "";
			targets = (
				1CE16AEE1B28F917005B2209 /* Lesson_3 */,
				1CE16B031B28F917005B2209 /* Lesson_3Tests */,
			);
		};
/* End PBXProject section */

/* Begin PBXResourcesBuildPhase section */
		1CE16AED1B28F917005B2209 /* Resources */ = {
			isa = PBXResourcesBuildPhase;
			buildActionMask = 2147483647;
			files = (
				1CE16AFA1B28F917005B2209 /* Main.storyboard in Resources */,
				1CE16AFF1B28F917005B2209 /* LaunchScreen.xib in Resources */,
				1CE16AFC1B28F917005B2209 /* Images.xcassets in Resources */,
			);
			runOnlyForDeploymentPostprocessing = 0;
		};
		1CE16B021B28F917005B2209 /* Resources */ = {
			isa = PBXResourcesBuildPhase;
			buildActionMask = 2147483647;
			files = (
			);
			runOnlyForDeploymentPostprocessing = 0;
		};
/* End PBXResourcesBuildPhase section */

/* Begin PBXSourcesBuildPhase section */
		1CE16AEB1B28F917005B2209 /* Sources */ = {
			isa = PBXSourcesBuildPhase;
			buildActionMask = 2147483647;
			files = (
				1CE16AF71B28F917005B2209 /* ViewController.swift in Sources */,
				1CE16AF51B28F917005B2209 /* AppDelegate.swift in Sources */,
			);
			runOnlyForDeploymentPostprocessing = 0;
		};
		1CE16B001B28F917005B2209 /* Sources */ = {
			isa = PBXSourcesBuildPhase;
			buildActionMask = 2147483647;
			files = (
				1CE16B0B1B28F917005B2209 /* Lesson_3Tests.swift in Sources */,
			);
			runOnlyForDeploymentPostprocessing = 0;
		};
/* End PBXSourcesBuildPhase section */

/* Begin PBXTargetDependency section */
		1CE16B061B28F917005B2209 /* PBXTargetDependency */ = {
			isa = PBXTargetDependency;
			target = 1CE16AEE1B28F917005B2209 /* Lesson_3 */;
			targetProxy = 1CE16B051B28F917005B2209 /* PBXContainerItemProxy */;
		};
/* End PBXTargetDependency section */

/* Begin PBXVariantGroup section */
		1CE16AF81B28F917005B2209 /* Main.storyboard */ = {
			isa = PBXVariantGroup;
			children = (
				1CE16AF91B28F917005B2209 /* Base */,
			);
			name = Main.storyboard;
			sourceTree = "<group>";
		};
		1CE16AFD1B28F917005B2209 /* LaunchScreen.xib */ = {
			isa = PBXVariantGroup;
			children = (
				1CE16AFE1B28F917005B2209 /* Base */,
			);
			name = LaunchScreen.xib;
			sourceTree = "<group>";
		};
/* End PBXVariantGroup section */

/* Begin XCBuildConfiguration section */
		1CE16B0C1B28F917005B2209 /* Debug */ = {
			isa = XCBuildConfiguration;
			buildSettings = {
				ALWAYS_SEARCH_USER_PATHS = NO;
				CLANG_CXX_LANGUAGE_STANDARD = "gnu++0x";
				CLANG_CXX_LIBRARY = "libc++";
				CLANG_ENABLE_MODULES = YES;
				CLANG_ENABLE_OBJC_ARC = YES;
				CLANG_WARN_BOOL_CONVERSION = YES;
				CLANG_WARN_CONSTANT_CONVERSION = YES;
				CLANG_WARN_DIRECT_OBJC_ISA_USAGE = YES_ERROR;
				CLANG_WARN_EMPTY_BODY = YES;
				CLANG_WARN_ENUM_CONVERSION = YES;
				CLANG_WARN_INT_CONVERSION = YES;
				CLANG_WARN_OBJC_ROOT_CLASS = YES_ERROR;
				CLANG_WARN_UNREACHABLE_CODE = YES;
				CLANG_WARN__DUPLICATE_METHOD_MATCH = YES;
				"CODE_SIGN_IDENTITY[sdk=iphoneos*]" = "iPhone Developer";
				COPY_PHASE_STRIP = NO;
				DEBUG_INFORMATION_FORMAT = "dwarf-with-dsym";
				ENABLE_STRICT_OBJC_MSGSEND = YES;
				GCC_C_LANGUAGE_STANDARD = gnu99;
				GCC_DYNAMIC_NO_PIC = NO;
				GCC_NO_COMMON_BLOCKS = YES;
				GCC_OPTIMIZATION_LEVEL = 0;
				GCC_PREPROCESSOR_DEFINITIONS = (
					"DEBUG=1",
					"$(inherited)",
				);
				GCC_SYMBOLS_PRIVATE_EXTERN = NO;
				GCC_WARN_64_TO_32_BIT_CONVERSION = YES;
				GCC_WARN_ABOUT_RETURN_TYPE = YES_ERROR;
				GCC_WARN_UNDECLARED_SELECTOR = YES;
				GCC_WARN_UNINITIALIZED_AUTOS = YES_AGGRESSIVE;
				GCC_WARN_UNUSED_FUNCTION = YES;
				GCC_WARN_UNUSED_VARIABLE = YES;
				IPHONEOS_DEPLOYMENT_TARGET = 8.3;
				MTL_ENABLE_DEBUG_INFO = YES;
				ONLY_ACTIVE_ARCH = YES;
				SDKROOT = iphoneos;
				SWIFT_OPTIMIZATION_LEVEL = "-Onone";
			};
			name = Debug;
		};
		1CE16B0D1B28F917005B2209 /* Release */ = {
			isa = XCBuildConfiguration;
			buildSettings = {
				ALWAYS_SEARCH_USER_PATHS = NO;
				CLANG_CXX_LANGUAGE_STANDARD = "gnu++0x";
				CLANG_CXX_LIBRARY = "libc++";
				CLANG_ENABLE_MODULES = YES;
				CLANG_ENABLE_OBJC_ARC = YES;
				CLANG_WARN_BOOL_CONVERSION = YES;
				CLANG_WARN_CONSTANT_CONVERSION = YES;
				CLANG_WARN_DIRECT_OBJC_ISA_USAGE = YES_ERROR;
				CLANG_WARN_EMPTY_BODY = YES;
				CLANG_WARN_ENUM_CONVERSION = YES;
				CLANG_WARN_INT_CONVERSION = YES;
				CLANG_WARN_OBJC_ROOT_CLASS = YES_ERROR;
				CLANG_WARN_UNREACHABLE_CODE = YES;
				CLANG_WARN__DUPLICATE_METHOD_MATCH = YES;
				"CODE_SIGN_IDENTITY[sdk=iphoneos*]" = "iPhone Developer";
				COPY_PHASE_STRIP = NO;
				DEBUG_INFORMATION_FORMAT = "dwarf-with-dsym";
				ENABLE_NS_ASSERTIONS = NO;
				ENABLE_STRICT_OBJC_MSGSEND = YES;
				GCC_C_LANGUAGE_STANDARD = gnu99;
				GCC_NO_COMMON_BLOCKS = YES;
				GCC_WARN_64_TO_32_BIT_CONVERSION = YES;
				GCC_WARN_ABOUT_RETURN_TYPE = YES_ERROR;
				GCC_WARN_UNDECLARED_SELECTOR = YES;
				GCC_WARN_UNINITIALIZED_AUTOS = YES_AGGRESSIVE;
				GCC_WARN_UNUSED_FUNCTION = YES;
				GCC_WARN_UNUSED_VARIABLE = YES;
				IPHONEOS_DEPLOYMENT_TARGET = 8.3;
				MTL_ENABLE_DEBUG_INFO = NO;
				SDKROOT = iphoneos;
				VALIDATE_PRODUCT = YES;
			};
			name = Release;
		};
		1CE16B0F1B28F917005B2209 /* Debug */ = {
			isa = XCBuildConfiguration;
			buildSettings = {
				ASSETCATALOG_COMPILER_APPICON_NAME = AppIcon;
				INFOPLIST_FILE = Lesson_3/Info.plist;
				LD_RUNPATH_SEARCH_PATHS = "$(inherited) @executable_path/Frameworks";
				PRODUCT_NAME = "$(TARGET_NAME)";
			};
			name = Debug;
		};
		1CE16B101B28F917005B2209 /* Release */ = {
			isa = XCBuildConfiguration;
			buildSettings = {
				ASSETCATALOG_COMPILER_APPICON_NAME = AppIcon;
				INFOPLIST_FILE = Lesson_3/Info.plist;
				LD_RUNPATH_SEARCH_PATHS = "$(inherited) @executable_path/Frameworks";
				PRODUCT_NAME = "$(TARGET_NAME)";
			};
			name = Release;
		};
		1CE16B121B28F917005B2209 /* Debug */ = {
			isa = XCBuildConfiguration;
			buildSettings = {
				BUNDLE_LOADER = "$(TEST_HOST)";
				FRAMEWORK_SEARCH_PATHS = (
					"$(SDKROOT)/Developer/Library/Frameworks",
					"$(inherited)",
				);
				GCC_PREPROCESSOR_DEFINITIONS = (
					"DEBUG=1",
					"$(inherited)",
				);
				INFOPLIST_FILE = Lesson_3Tests/Info.plist;
				LD_RUNPATH_SEARCH_PATHS = "$(inherited) @executable_path/Frameworks @loader_path/Frameworks";
				PRODUCT_NAME = "$(TARGET_NAME)";
				TEST_HOST = "$(BUILT_PRODUCTS_DIR)/Lesson_3.app/Lesson_3";
			};
			name = Debug;
		};
		1CE16B131B28F917005B2209 /* Release */ = {
			isa = XCBuildConfiguration;
			buildSettings = {
				BUNDLE_LOADER = "$(TEST_HOST)";
				FRAMEWORK_SEARCH_PATHS = (
					"$(SDKROOT)/Developer/Library/Frameworks",
					"$(inherited)",
				);
				INFOPLIST_FILE = Lesson_3Tests/Info.plist;
				LD_RUNPATH_SEARCH_PATHS = "$(inherited) @executable_path/Frameworks @loader_path/Frameworks";
				PRODUCT_NAME = "$(TARGET_NAME)";
				TEST_HOST = "$(BUILT_PRODUCTS_DIR)/Lesson_3.app/Lesson_3";
			};
			name = Release;
		};
/* End XCBuildConfiguration section */

/* Begin XCConfigurationList section */
		1CE16AEA1B28F917005B2209 /* Build configuration list for PBXProject "Lesson_3" */ = {
			isa = XCConfigurationList;
			buildConfigurations = (
				1CE16B0C1B28F917005B2209 /* Debug */,
				1CE16B0D1B28F917005B2209 /* Release */,
			);
			defaultConfigurationIsVisible = 0;
			defaultConfigurationName = Release;
		};
		1CE16B0E1B28F917005B2209 /* Build configuration list for PBXNativeTarget "Lesson_3" */ = {
			isa = XCConfigurationList;
			buildConfigurations = (
				1CE16B0F1B28F917005B2209 /* Debug */,
				1CE16B101B28F917005B2209 /* Release */,
			);
			defaultConfigurationIsVisible = 0;
		};
		1CE16B111B28F917005B2209 /* Build configuration list for PBXNativeTarget "Lesson_3Tests" */ = {
			isa = XCConfigurationList;
			buildConfigurations = (
				1CE16B121B28F917005B2209 /* Debug */,
				1CE16B131B28F917005B2209 /* Release */,
			);
			defaultConfigurationIsVisible = 0;
		};
/* End XCConfigurationList section */
	};
	rootObject = 1CE16AE71B28F917005B2209 /* Project object */;
}
