// !$*UTF8*$!
{
	archiveVersion = 1;
	classes = {
	};
	objectVersion = 46;
	objects = {

/* Begin PBXBuildFile section */
		1C319ED21B38D4AC007C8497 /* AppDelegate.swift in Sources */ = {isa = PBXBuildFile; fileRef = 1C319ED11B38D4AC007C8497 /* AppDelegate.swift */; };
		1C319ED41B38D4AC007C8497 /* ViewController.swift in Sources */ = {isa = PBXBuildFile; fileRef = 1C319ED31B38D4AC007C8497 /* ViewController.swift */; };
		1C319ED91B38D4AC007C8497 /* Images.xcassets in Resources */ = {isa = PBXBuildFile; fileRef = 1C319ED81B38D4AC007C8497 /* Images.xcassets */; };
		1C319EDC1B38D4AC007C8497 /* LaunchScreen.xib in Resources */ = {isa = PBXBuildFile; fileRef = 1C319EDA1B38D4AC007C8497 /* LaunchScreen.xib */; };
		1C319EE81B38D4AC007C8497 /* AIMTests.swift in Sources */ = {isa = PBXBuildFile; fileRef = 1C319EE71B38D4AC007C8497 /* AIMTests.swift */; };
		1C319EF21B38D594007C8497 /* logo.png in Resources */ = {isa = PBXBuildFile; fileRef = 1C319EF11B38D594007C8497 /* logo.png */; };
		1C319EF41B38E3B6007C8497 /* ProfileViewController.swift in Sources */ = {isa = PBXBuildFile; fileRef = 1C319EF31B38E3B6007C8497 /* ProfileViewController.swift */; };
		1C319EF61B38E546007C8497 /* Main.storyboard in Resources */ = {isa = PBXBuildFile; fileRef = 1C319EF51B38E546007C8497 /* Main.storyboard */; };
/* End PBXBuildFile section */

/* Begin PBXContainerItemProxy section */
		1C319EE21B38D4AC007C8497 /* PBXContainerItemProxy */ = {
			isa = PBXContainerItemProxy;
			containerPortal = 1C319EC41B38D4AC007C8497 /* Project object */;
			proxyType = 1;
			remoteGlobalIDString = 1C319ECB1B38D4AC007C8497;
			remoteInfo = AIM;
		};
/* End PBXContainerItemProxy section */

/* Begin PBXFileReference section */
		1C319ECC1B38D4AC007C8497 /* AIM.app */ = {isa = PBXFileReference; explicitFileType = wrapper.application; includeInIndex = 0; path = AIM.app; sourceTree = BUILT_PRODUCTS_DIR; };
		1C319ED01B38D4AC007C8497 /* Info.plist */ = {isa = PBXFileReference; lastKnownFileType = text.plist.xml; path = Info.plist; sourceTree = "<group>"; };
		1C319ED11B38D4AC007C8497 /* AppDelegate.swift */ = {isa = PBXFileReference; lastKnownFileType = sourcecode.swift; path = AppDelegate.swift; sourceTree = "<group>"; };
		1C319ED31B38D4AC007C8497 /* ViewController.swift */ = {isa = PBXFileReference; lastKnownFileType = sourcecode.swift; path = ViewController.swift; sourceTree = "<group>"; };
		1C319ED81B38D4AC007C8497 /* Images.xcassets */ = {isa = PBXFileReference; lastKnownFileType = folder.assetcatalog; path = Images.xcassets; sourceTree = "<group>"; };
		1C319EDB1B38D4AC007C8497 /* Base */ = {isa = PBXFileReference; lastKnownFileType = file.xib; name = Base; path = Base.lproj/LaunchScreen.xib; sourceTree = "<group>"; };
		1C319EE11B38D4AC007C8497 /* AIMTests.xctest */ = {isa = PBXFileReference; explicitFileType = wrapper.cfbundle; includeInIndex = 0; path = AIMTests.xctest; sourceTree = BUILT_PRODUCTS_DIR; };
		1C319EE61B38D4AC007C8497 /* Info.plist */ = {isa = PBXFileReference; lastKnownFileType = text.plist.xml; path = Info.plist; sourceTree = "<group>"; };
		1C319EE71B38D4AC007C8497 /* AIMTests.swift */ = {isa = PBXFileReference; lastKnownFileType = sourcecode.swift; path = AIMTests.swift; sourceTree = "<group>"; };
		1C319EF11B38D594007C8497 /* logo.png */ = {isa = PBXFileReference; lastKnownFileType = image.png; path = logo.png; sourceTree = "<group>"; };
		1C319EF31B38E3B6007C8497 /* ProfileViewController.swift */ = {isa = PBXFileReference; fileEncoding = 4; lastKnownFileType = sourcecode.swift; path = ProfileViewController.swift; sourceTree = "<group>"; };
		1C319EF51B38E546007C8497 /* Main.storyboard */ = {isa = PBXFileReference; fileEncoding = 4; lastKnownFileType = file.storyboard; path = Main.storyboard; sourceTree = "<group>"; };
/* End PBXFileReference section */

/* Begin PBXFrameworksBuildPhase section */
		1C319EC91B38D4AC007C8497 /* Frameworks */ = {
			isa = PBXFrameworksBuildPhase;
			buildActionMask = 2147483647;
			files = (
			);
			runOnlyForDeploymentPostprocessing = 0;
		};
		1C319EDE1B38D4AC007C8497 /* Frameworks */ = {
			isa = PBXFrameworksBuildPhase;
			buildActionMask = 2147483647;
			files = (
			);
			runOnlyForDeploymentPostprocessing = 0;
		};
/* End PBXFrameworksBuildPhase section */

/* Begin PBXGroup section */
		1C319EC31B38D4AC007C8497 = {
			isa = PBXGroup;
			children = (
				1C319ECE1B38D4AC007C8497 /* AIM */,
				1C319EE41B38D4AC007C8497 /* AIMTests */,
				1C319ECD1B38D4AC007C8497 /* Products */,
			);
			sourceTree = "<group>";
		};
		1C319ECD1B38D4AC007C8497 /* Products */ = {
			isa = PBXGroup;
			children = (
				1C319ECC1B38D4AC007C8497 /* AIM.app */,
				1C319EE11B38D4AC007C8497 /* AIMTests.xctest */,
			);
			name = Products;
			sourceTree = "<group>";
		};
		1C319ECE1B38D4AC007C8497 /* AIM */ = {
			isa = PBXGroup;
			children = (
				1C319EF11B38D594007C8497 /* logo.png */,
				1C319ED11B38D4AC007C8497 /* AppDelegate.swift */,
				1C319ED31B38D4AC007C8497 /* ViewController.swift */,
				1C319EF31B38E3B6007C8497 /* ProfileViewController.swift */,
				1C319EF51B38E546007C8497 /* Main.storyboard */,
				1C319ED81B38D4AC007C8497 /* Images.xcassets */,
				1C319EDA1B38D4AC007C8497 /* LaunchScreen.xib */,
				1C319ECF1B38D4AC007C8497 /* Supporting Files */,
			);
			path = AIM;
			sourceTree = "<group>";
		};
		1C319ECF1B38D4AC007C8497 /* Supporting Files */ = {
			isa = PBXGroup;
			children = (
				1C319ED01B38D4AC007C8497 /* Info.plist */,
			);
			name = "Supporting Files";
			sourceTree = "<group>";
		};
		1C319EE41B38D4AC007C8497 /* AIMTests */ = {
			isa = PBXGroup;
			children = (
				1C319EE71B38D4AC007C8497 /* AIMTests.swift */,
				1C319EE51B38D4AC007C8497 /* Supporting Files */,
			);
			path = AIMTests;
			sourceTree = "<group>";
		};
		1C319EE51B38D4AC007C8497 /* Supporting Files */ = {
			isa = PBXGroup;
			children = (
				1C319EE61B38D4AC007C8497 /* Info.plist */,
			);
			name = "Supporting Files";
			sourceTree = "<group>";
		};
/* End PBXGroup section */

/* Begin PBXNativeTarget section */
		1C319ECB1B38D4AC007C8497 /* AIM */ = {
			isa = PBXNativeTarget;
			buildConfigurationList = 1C319EEB1B38D4AC007C8497 /* Build configuration list for PBXNativeTarget "AIM" */;
			buildPhases = (
				1C319EC81B38D4AC007C8497 /* Sources */,
				1C319EC91B38D4AC007C8497 /* Frameworks */,
				1C319ECA1B38D4AC007C8497 /* Resources */,
			);
			buildRules = (
			);
			dependencies = (
			);
			name = AIM;
			productName = AIM;
			productReference = 1C319ECC1B38D4AC007C8497 /* AIM.app */;
			productType = "com.apple.product-type.application";
		};
		1C319EE01B38D4AC007C8497 /* AIMTests */ = {
			isa = PBXNativeTarget;
			buildConfigurationList = 1C319EEE1B38D4AC007C8497 /* Build configuration list for PBXNativeTarget "AIMTests" */;
			buildPhases = (
				1C319EDD1B38D4AC007C8497 /* Sources */,
				1C319EDE1B38D4AC007C8497 /* Frameworks */,
				1C319EDF1B38D4AC007C8497 /* Resources */,
			);
			buildRules = (
			);
			dependencies = (
				1C319EE31B38D4AC007C8497 /* PBXTargetDependency */,
			);
			name = AIMTests;
			productName = AIMTests;
			productReference = 1C319EE11B38D4AC007C8497 /* AIMTests.xctest */;
			productType = "com.apple.product-type.bundle.unit-test";
		};
/* End PBXNativeTarget section */

/* Begin PBXProject section */
		1C319EC41B38D4AC007C8497 /* Project object */ = {
			isa = PBXProject;
			attributes = {
				LastUpgradeCheck = 0630;
				ORGANIZATIONNAME = "Michelle Veronica Harper";
				TargetAttributes = {
					1C319ECB1B38D4AC007C8497 = {
						CreatedOnToolsVersion = 6.3.2;
					};
					1C319EE01B38D4AC007C8497 = {
						CreatedOnToolsVersion = 6.3.2;
						TestTargetID = 1C319ECB1B38D4AC007C8497;
					};
				};
			};
			buildConfigurationList = 1C319EC71B38D4AC007C8497 /* Build configuration list for PBXProject "AIM" */;
			compatibilityVersion = "Xcode 3.2";
			developmentRegion = English;
			hasScannedForEncodings = 0;
			knownRegions = (
				en,
				Base,
			);
			mainGroup = 1C319EC31B38D4AC007C8497;
			productRefGroup = 1C319ECD1B38D4AC007C8497 /* Products */;
			projectDirPath = "";
			projectRoot = "";
			targets = (
				1C319ECB1B38D4AC007C8497 /* AIM */,
				1C319EE01B38D4AC007C8497 /* AIMTests */,
			);
		};
/* End PBXProject section */

/* Begin PBXResourcesBuildPhase section */
		1C319ECA1B38D4AC007C8497 /* Resources */ = {
			isa = PBXResourcesBuildPhase;
			buildActionMask = 2147483647;
			files = (
				1C319EF21B38D594007C8497 /* logo.png in Resources */,
				1C319EDC1B38D4AC007C8497 /* LaunchScreen.xib in Resources */,
				1C319ED91B38D4AC007C8497 /* Images.xcassets in Resources */,
				1C319EF61B38E546007C8497 /* Main.storyboard in Resources */,
			);
			runOnlyForDeploymentPostprocessing = 0;
		};
		1C319EDF1B38D4AC007C8497 /* Resources */ = {
			isa = PBXResourcesBuildPhase;
			buildActionMask = 2147483647;
			files = (
			);
			runOnlyForDeploymentPostprocessing = 0;
		};
/* End PBXResourcesBuildPhase section */

/* Begin PBXSourcesBuildPhase section */
		1C319EC81B38D4AC007C8497 /* Sources */ = {
			isa = PBXSourcesBuildPhase;
			buildActionMask = 2147483647;
			files = (
				1C319EF41B38E3B6007C8497 /* ProfileViewController.swift in Sources */,
				1C319ED41B38D4AC007C8497 /* ViewController.swift in Sources */,
				1C319ED21B38D4AC007C8497 /* AppDelegate.swift in Sources */,
			);
			runOnlyForDeploymentPostprocessing = 0;
		};
		1C319EDD1B38D4AC007C8497 /* Sources */ = {
			isa = PBXSourcesBuildPhase;
			buildActionMask = 2147483647;
			files = (
				1C319EE81B38D4AC007C8497 /* AIMTests.swift in Sources */,
			);
			runOnlyForDeploymentPostprocessing = 0;
		};
/* End PBXSourcesBuildPhase section */

/* Begin PBXTargetDependency section */
		1C319EE31B38D4AC007C8497 /* PBXTargetDependency */ = {
			isa = PBXTargetDependency;
			target = 1C319ECB1B38D4AC007C8497 /* AIM */;
			targetProxy = 1C319EE21B38D4AC007C8497 /* PBXContainerItemProxy */;
		};
/* End PBXTargetDependency section */

/* Begin PBXVariantGroup section */
		1C319EDA1B38D4AC007C8497 /* LaunchScreen.xib */ = {
			isa = PBXVariantGroup;
			children = (
				1C319EDB1B38D4AC007C8497 /* Base */,
			);
			name = LaunchScreen.xib;
			sourceTree = "<group>";
		};
/* End PBXVariantGroup section */

/* Begin XCBuildConfiguration section */
		1C319EE91B38D4AC007C8497 /* Debug */ = {
			isa = XCBuildConfiguration;
			buildSettings = {
				ALWAYS_SEARCH_USER_PATHS = NO;
				CLANG_CXX_LANGUAGE_STANDARD = "gnu++0x";
				CLANG_CXX_LIBRARY = "libc++";
				CLANG_ENABLE_MODULES = YES;
				CLANG_ENABLE_OBJC_ARC = YES;
				CLANG_WARN_BOOL_CONVERSION = YES;
				CLANG_WARN_CONSTANT_CONVERSION = YES;
				CLANG_WARN_DIRECT_OBJC_ISA_USAGE = YES_ERROR;
				CLANG_WARN_EMPTY_BODY = YES;
				CLANG_WARN_ENUM_CONVERSION = YES;
				CLANG_WARN_INT_CONVERSION = YES;
				CLANG_WARN_OBJC_ROOT_CLASS = YES_ERROR;
				CLANG_WARN_UNREACHABLE_CODE = YES;
				CLANG_WARN__DUPLICATE_METHOD_MATCH = YES;
				"CODE_SIGN_IDENTITY[sdk=iphoneos*]" = "iPhone Developer";
				COPY_PHASE_STRIP = NO;
				DEBUG_INFORMATION_FORMAT = "dwarf-with-dsym";
				ENABLE_STRICT_OBJC_MSGSEND = YES;
				GCC_C_LANGUAGE_STANDARD = gnu99;
				GCC_DYNAMIC_NO_PIC = NO;
				GCC_NO_COMMON_BLOCKS = YES;
				GCC_OPTIMIZATION_LEVEL = 0;
				GCC_PREPROCESSOR_DEFINITIONS = (
					"DEBUG=1",
					"$(inherited)",
				);
				GCC_SYMBOLS_PRIVATE_EXTERN = NO;
				GCC_WARN_64_TO_32_BIT_CONVERSION = YES;
				GCC_WARN_ABOUT_RETURN_TYPE = YES_ERROR;
				GCC_WARN_UNDECLARED_SELECTOR = YES;
				GCC_WARN_UNINITIALIZED_AUTOS = YES_AGGRESSIVE;
				GCC_WARN_UNUSED_FUNCTION = YES;
				GCC_WARN_UNUSED_VARIABLE = YES;
				IPHONEOS_DEPLOYMENT_TARGET = 8.3;
				MTL_ENABLE_DEBUG_INFO = YES;
				ONLY_ACTIVE_ARCH = YES;
				SDKROOT = iphoneos;
				SWIFT_OPTIMIZATION_LEVEL = "-Onone";
			};
			name = Debug;
		};
		1C319EEA1B38D4AC007C8497 /* Release */ = {
			isa = XCBuildConfiguration;
			buildSettings = {
				ALWAYS_SEARCH_USER_PATHS = NO;
				CLANG_CXX_LANGUAGE_STANDARD = "gnu++0x";
				CLANG_CXX_LIBRARY = "libc++";
				CLANG_ENABLE_MODULES = YES;
				CLANG_ENABLE_OBJC_ARC = YES;
				CLANG_WARN_BOOL_CONVERSION = YES;
				CLANG_WARN_CONSTANT_CONVERSION = YES;
				CLANG_WARN_DIRECT_OBJC_ISA_USAGE = YES_ERROR;
				CLANG_WARN_EMPTY_BODY = YES;
				CLANG_WARN_ENUM_CONVERSION = YES;
				CLANG_WARN_INT_CONVERSION = YES;
				CLANG_WARN_OBJC_ROOT_CLASS = YES_ERROR;
				CLANG_WARN_UNREACHABLE_CODE = YES;
				CLANG_WARN__DUPLICATE_METHOD_MATCH = YES;
				"CODE_SIGN_IDENTITY[sdk=iphoneos*]" = "iPhone Developer";
				COPY_PHASE_STRIP = NO;
				DEBUG_INFORMATION_FORMAT = "dwarf-with-dsym";
				ENABLE_NS_ASSERTIONS = NO;
				ENABLE_STRICT_OBJC_MSGSEND = YES;
				GCC_C_LANGUAGE_STANDARD = gnu99;
				GCC_NO_COMMON_BLOCKS = YES;
				GCC_WARN_64_TO_32_BIT_CONVERSION = YES;
				GCC_WARN_ABOUT_RETURN_TYPE = YES_ERROR;
				GCC_WARN_UNDECLARED_SELECTOR = YES;
				GCC_WARN_UNINITIALIZED_AUTOS = YES_AGGRESSIVE;
				GCC_WARN_UNUSED_FUNCTION = YES;
				GCC_WARN_UNUSED_VARIABLE = YES;
				IPHONEOS_DEPLOYMENT_TARGET = 8.3;
				MTL_ENABLE_DEBUG_INFO = NO;
				SDKROOT = iphoneos;
				VALIDATE_PRODUCT = YES;
			};
			name = Release;
		};
		1C319EEC1B38D4AC007C8497 /* Debug */ = {
			isa = XCBuildConfiguration;
			buildSettings = {
				ASSETCATALOG_COMPILER_APPICON_NAME = AppIcon;
				INFOPLIST_FILE = AIM/Info.plist;
				LD_RUNPATH_SEARCH_PATHS = "$(inherited) @executable_path/Frameworks";
				PRODUCT_NAME = "$(TARGET_NAME)";
			};
			name = Debug;
		};
		1C319EED1B38D4AC007C8497 /* Release */ = {
			isa = XCBuildConfiguration;
			buildSettings = {
				ASSETCATALOG_COMPILER_APPICON_NAME = AppIcon;
				INFOPLIST_FILE = AIM/Info.plist;
				LD_RUNPATH_SEARCH_PATHS = "$(inherited) @executable_path/Frameworks";
				PRODUCT_NAME = "$(TARGET_NAME)";
			};
			name = Release;
		};
		1C319EEF1B38D4AC007C8497 /* Debug */ = {
			isa = XCBuildConfiguration;
			buildSettings = {
				BUNDLE_LOADER = "$(TEST_HOST)";
				FRAMEWORK_SEARCH_PATHS = (
					"$(SDKROOT)/Developer/Library/Frameworks",
					"$(inherited)",
				);
				GCC_PREPROCESSOR_DEFINITIONS = (
					"DEBUG=1",
					"$(inherited)",
				);
				INFOPLIST_FILE = AIMTests/Info.plist;
				LD_RUNPATH_SEARCH_PATHS = "$(inherited) @executable_path/Frameworks @loader_path/Frameworks";
				PRODUCT_NAME = "$(TARGET_NAME)";
				TEST_HOST = "$(BUILT_PRODUCTS_DIR)/AIM.app/AIM";
			};
			name = Debug;
		};
		1C319EF01B38D4AC007C8497 /* Release */ = {
			isa = XCBuildConfiguration;
			buildSettings = {
				BUNDLE_LOADER = "$(TEST_HOST)";
				FRAMEWORK_SEARCH_PATHS = (
					"$(SDKROOT)/Developer/Library/Frameworks",
					"$(inherited)",
				);
				INFOPLIST_FILE = AIMTests/Info.plist;
				LD_RUNPATH_SEARCH_PATHS = "$(inherited) @executable_path/Frameworks @loader_path/Frameworks";
				PRODUCT_NAME = "$(TARGET_NAME)";
				TEST_HOST = "$(BUILT_PRODUCTS_DIR)/AIM.app/AIM";
			};
			name = Release;
		};
/* End XCBuildConfiguration section */

/* Begin XCConfigurationList section */
		1C319EC71B38D4AC007C8497 /* Build configuration list for PBXProject "AIM" */ = {
			isa = XCConfigurationList;
			buildConfigurations = (
				1C319EE91B38D4AC007C8497 /* Debug */,
				1C319EEA1B38D4AC007C8497 /* Release */,
			);
			defaultConfigurationIsVisible = 0;
			defaultConfigurationName = Release;
		};
		1C319EEB1B38D4AC007C8497 /* Build configuration list for PBXNativeTarget "AIM" */ = {
			isa = XCConfigurationList;
			buildConfigurations = (
				1C319EEC1B38D4AC007C8497 /* Debug */,
				1C319EED1B38D4AC007C8497 /* Release */,
			);
			defaultConfigurationIsVisible = 0;
			defaultConfigurationName = Release;
		};
		1C319EEE1B38D4AC007C8497 /* Build configuration list for PBXNativeTarget "AIMTests" */ = {
			isa = XCConfigurationList;
			buildConfigurations = (
				1C319EEF1B38D4AC007C8497 /* Debug */,
				1C319EF01B38D4AC007C8497 /* Release */,
			);
			defaultConfigurationIsVisible = 0;
			defaultConfigurationName = Release;
		};
/* End XCConfigurationList section */
	};
	rootObject = 1C319EC41B38D4AC007C8497 /* Project object */;
}
